github.com/Doer-org/hack-camp_vol9_2022-2/server v0.0.0-20221207202129-364962868ff9 h1:h33T4cdMtnvy/PR5byjt3yNedv+b2vpeOtIY3mFGVNQ=
github.com/Doer-org/hack-camp_vol9_2022-2/server v0.0.0-20221207202129-364962868ff9/go.mod h1:TeSHiL2skkkpQK9We7ad/39loDtyNzfwtuawy1rz5/Q=
github.com/gorilla/websocket v1.5.0 h1:PPwGk2jz7EePpoHN/+ClbZu8SPxiqlu12wZP/3sWmnc=
github.com/gorilla/websocket v1.5.0/go.mod h1:YR8l580nyteQvAITg2hZ9XVh4b55+EU/adAjf1fMHhE=
